
Microsoft Visual Studio Solution File, Format Version 12.00
# Visual Studio Version 16
VisualStudioVersion = 16.0.31205.134
MinimumVisualStudioVersion = 10.0.40219.1
Project("{9A19103F-16F7-4668-BE54-9A1E7A4F7556}") = "Notes", "Notes\Notes.csproj", "{357FBF3E-F82A-4E2A-931F-7E03DB5EB65A}"
EndProject
Project("{FAE04EC0-301F-11D3-BF4B-00C04F79EFBC}") = "Notes.Db", "Notes.Db\Notes.Db.csproj", "{3A378358-BD06-46C3-9759-DB8CC1546055}"
EndProject
Project("{FAE04EC0-301F-11D3-BF4B-00C04F79EFBC}") = "Notes.Db.Sqlite", "Notes.Db.Sqlite\Notes.Db.Sqlite.csproj", "{B76E1E70-65EA-4340-9DDF-CCE90299E15F}"
EndProject
Project("{9A19103F-16F7-4668-BE54-9A1E7A4F7556}") = "Notes.Db.SqlServer", "Notes.Db.SqlServer\Notes.Db.SqlServer.csproj", "{801A119D-54F3-4CBE-AC89-CA62F826A270}"
EndProject
Project("{9A19103F-16F7-4668-BE54-9A1E7A4F7556}") = "Notes.Host.Local", "Notes.Host.Local\Notes.Host.Local.csproj", "{34930E90-9497-495B-AEDE-58664ED62284}"
EndProject
Project("{9A19103F-16F7-4668-BE54-9A1E7A4F7556}") = "Notes.Host.Azure", "Notes.Host.Azure\Notes.Host.Azure.csproj", "{0ACCB27C-14D6-4E30-A670-552487E606DF}"
EndProject
Global
	GlobalSection(SolutionConfigurationPlatforms) = preSolution
		Debug|Any CPU = Debug|Any CPU
		Release|Any CPU = Release|Any CPU
	EndGlobalSection
	GlobalSection(ProjectConfigurationPlatforms) = postSolution
		{357FBF3E-F82A-4E2A-931F-7E03DB5EB65A}.Debug|Any CPU.ActiveCfg = Debug|Any CPU
		{357FBF3E-F82A-4E2A-931F-7E03DB5EB65A}.Debug|Any CPU.Build.0 = Debug|Any CPU
		{357FBF3E-F82A-4E2A-931F-7E03DB5EB65A}.Release|Any CPU.ActiveCfg = Release|Any CPU
		{357FBF3E-F82A-4E2A-931F-7E03DB5EB65A}.Release|Any CPU.Build.0 = Release|Any CPU
		{3A378358-BD06-46C3-9759-DB8CC1546055}.Debug|Any CPU.ActiveCfg = Debug|Any CPU
		{3A378358-BD06-46C3-9759-DB8CC1546055}.Debug|Any CPU.Build.0 = Debug|Any CPU
		{3A378358-BD06-46C3-9759-DB8CC1546055}.Release|Any CPU.ActiveCfg = Release|Any CPU
		{3A378358-BD06-46C3-9759-DB8CC1546055}.Release|Any CPU.Build.0 = Release|Any CPU
		{B76E1E70-65EA-4340-9DDF-CCE90299E15F}.Debug|Any CPU.ActiveCfg = Debug|Any CPU
		{B76E1E70-65EA-4340-9DDF-CCE90299E15F}.Debug|Any CPU.Build.0 = Debug|Any CPU
		{B76E1E70-65EA-4340-9DDF-CCE90299E15F}.Release|Any CPU.ActiveCfg = Release|Any CPU
		{B76E1E70-65EA-4340-9DDF-CCE90299E15F}.Release|Any CPU.Build.0 = Release|Any CPU
		{801A119D-54F3-4CBE-AC89-CA62F826A270}.Debug|Any CPU.ActiveCfg = Debug|Any CPU
		{801A119D-54F3-4CBE-AC89-CA62F826A270}.Debug|Any CPU.Build.0 = Debug|Any CPU
		{801A119D-54F3-4CBE-AC89-CA62F826A270}.Release|Any CPU.ActiveCfg = Release|Any CPU
		{801A119D-54F3-4CBE-AC89-CA62F826A270}.Release|Any CPU.Build.0 = Release|Any CPU
		{34930E90-9497-495B-AEDE-58664ED62284}.Debug|Any CPU.ActiveCfg = Debug|Any CPU
		{34930E90-9497-495B-AEDE-58664ED62284}.Debug|Any CPU.Build.0 = Debug|Any CPU
		{34930E90-9497-495B-AEDE-58664ED62284}.Release|Any CPU.ActiveCfg = Release|Any CPU
		{34930E90-9497-495B-AEDE-58664ED62284}.Release|Any CPU.Build.0 = Release|Any CPU
		{0ACCB27C-14D6-4E30-A670-552487E606DF}.Debug|Any CPU.ActiveCfg = Debug|Any CPU
		{0ACCB27C-14D6-4E30-A670-552487E606DF}.Debug|Any CPU.Build.0 = Debug|Any CPU
		{0ACCB27C-14D6-4E30-A670-552487E606DF}.Release|Any CPU.ActiveCfg = Release|Any CPU
		{0ACCB27C-14D6-4E30-A670-552487E606DF}.Release|Any CPU.Build.0 = Release|Any CPU
	EndGlobalSection
	GlobalSection(SolutionProperties) = preSolution
		HideSolutionNode = FALSE
	EndGlobalSection
	GlobalSection(ExtensibilityGlobals) = postSolution
		SolutionGuid = {9EB74335-554C-4156-8E06-84B9BDFB906A}
	EndGlobalSection
EndGlobal
